Microsoft Visual Studio Solution File, Format Version 12.00
# Visual Studio Version 17
VisualStudioVersion = 17.5.2.0
MinimumVisualStudioVersion = 10.0.40219.1
Project("{FAE04EC0-301F-11D3-BF4B-00C04F79EFBC}") = "PhoneBook.Application", "PhoneBook.Application\PhoneBook.Application.csproj", "{AEF42AB1-FB11-C1D7-ABC8-B94A4AD023B3}"
EndProject
Project("{FAE04EC0-301F-11D3-BF4B-00C04F79EFBC}") = "PhoneBook.Domain", "PhoneBook.Domain\PhoneBook.Domain.csproj", "{C54A9FC3-BB63-A22D-AE6F-38BA807260B2}"
EndProject
Project("{FAE04EC0-301F-11D3-BF4B-00C04F79EFBC}") = "PhoneBook.Infrastructure", "PhoneBook.Infrastructure\PhoneBook.Infrastructure.csproj", "{AB653361-9436-2FEF-4FEC-69F9C29FB7D5}"
EndProject
Project("{2150E333-8FDC-42A3-9474-1A3956D46DE8}") = "PhoneBook", "PhoneBook", "{E112E2A7-E095-7906-939D-7AEA18004CFF}"
EndProject
Project("{FAE04EC0-301F-11D3-BF4B-00C04F79EFBC}") = "PhoneBook.Api", "PhoneBook\PhoneBook.Api\PhoneBook.Api.csproj", "{AD5742D2-F269-76D6-154A-88A75656B6A0}"
EndProject
Global
	GlobalSection(SolutionConfigurationPlatforms) = preSolution
		Debug|Any CPU = Debug|Any CPU
		Release|Any CPU = Release|Any CPU
	EndGlobalSection
	GlobalSection(ProjectConfigurationPlatforms) = postSolution
		{AEF42AB1-FB11-C1D7-ABC8-B94A4AD023B3}.Debug|Any CPU.ActiveCfg = Debug|Any CPU
		{AEF42AB1-FB11-C1D7-ABC8-B94A4AD023B3}.Debug|Any CPU.Build.0 = Debug|Any CPU
		{AEF42AB1-FB11-C1D7-ABC8-B94A4AD023B3}.Release|Any CPU.ActiveCfg = Release|Any CPU
		{AEF42AB1-FB11-C1D7-ABC8-B94A4AD023B3}.Release|Any CPU.Build.0 = Release|Any CPU
		{C54A9FC3-BB63-A22D-AE6F-38BA807260B2}.Debug|Any CPU.ActiveCfg = Debug|Any CPU
		{C54A9FC3-BB63-A22D-AE6F-38BA807260B2}.Debug|Any CPU.Build.0 = Debug|Any CPU
		{C54A9FC3-BB63-A22D-AE6F-38BA807260B2}.Release|Any CPU.ActiveCfg = Release|Any CPU
		{C54A9FC3-BB63-A22D-AE6F-38BA807260B2}.Release|Any CPU.Build.0 = Release|Any CPU
		{AB653361-9436-2FEF-4FEC-69F9C29FB7D5}.Debug|Any CPU.ActiveCfg = Debug|Any CPU
		{AB653361-9436-2FEF-4FEC-69F9C29FB7D5}.Debug|Any CPU.Build.0 = Debug|Any CPU
		{AB653361-9436-2FEF-4FEC-69F9C29FB7D5}.Release|Any CPU.ActiveCfg = Release|Any CPU
		{AB653361-9436-2FEF-4FEC-69F9C29FB7D5}.Release|Any CPU.Build.0 = Release|Any CPU
		{AD5742D2-F269-76D6-154A-88A75656B6A0}.Debug|Any CPU.ActiveCfg = Debug|Any CPU
		{AD5742D2-F269-76D6-154A-88A75656B6A0}.Debug|Any CPU.Build.0 = Debug|Any CPU
		{AD5742D2-F269-76D6-154A-88A75656B6A0}.Release|Any CPU.ActiveCfg = Release|Any CPU
		{AD5742D2-F269-76D6-154A-88A75656B6A0}.Release|Any CPU.Build.0 = Release|Any CPU
	EndGlobalSection
	GlobalSection(SolutionProperties) = preSolution
		HideSolutionNode = FALSE
	EndGlobalSection
	GlobalSection(NestedProjects) = preSolution
		{AD5742D2-F269-76D6-154A-88A75656B6A0} = {E112E2A7-E095-7906-939D-7AEA18004CFF}
	EndGlobalSection
	GlobalSection(ExtensibilityGlobals) = postSolution
		SolutionGuid = {BB80AD75-45CB-4FEE-AD60-00D39CE510B4}
	EndGlobalSection
EndGlobal
